// !$*UTF8*$!
{
	archiveVersion = 1;
	classes = {
	};
	objectVersion = 50;
	objects = {

/* Begin PBXBuildFile section */
		401C38C4244F40F00041F7AA /* AppDelegate.swift in Sources */ = {isa = PBXBuildFile; fileRef = 401C38C3244F40F00041F7AA /* AppDelegate.swift */; };
		401C38C6244F40F00041F7AA /* SceneDelegate.swift in Sources */ = {isa = PBXBuildFile; fileRef = 401C38C5244F40F00041F7AA /* SceneDelegate.swift */; };
		401C38C8244F40F00041F7AA /* ContentView.swift in Sources */ = {isa = PBXBuildFile; fileRef = 401C38C7244F40F00041F7AA /* ContentView.swift */; };
		401C38CA244F40F40041F7AA /* Assets.xcassets in Resources */ = {isa = PBXBuildFile; fileRef = 401C38C9244F40F40041F7AA /* Assets.xcassets */; };
		401C38CD244F40F40041F7AA /* Preview Assets.xcassets in Resources */ = {isa = PBXBuildFile; fileRef = 401C38CC244F40F40041F7AA /* Preview Assets.xcassets */; };
		401C38D0244F40F40041F7AA /* LaunchScreen.storyboard in Resources */ = {isa = PBXBuildFile; fileRef = 401C38CE244F40F40041F7AA /* LaunchScreen.storyboard */; };
		401C38D8244F42610041F7AA /* TopicsRow.swift in Sources */ = {isa = PBXBuildFile; fileRef = 401C38D7244F42610041F7AA /* TopicsRow.swift */; };
		401C38DC244F48BA0041F7AA /* Topic.swift in Sources */ = {isa = PBXBuildFile; fileRef = 401C38DB244F48BA0041F7AA /* Topic.swift */; };
		401C38DE244F5F1F0041F7AA /* Data.swift in Sources */ = {isa = PBXBuildFile; fileRef = 401C38DD244F5F1F0041F7AA /* Data.swift */; };
		401C38E0244F60640041F7AA /* data.json in Resources */ = {isa = PBXBuildFile; fileRef = 401C38DF244F60640041F7AA /* data.json */; };
		401C38E3244F63280041F7AA /* SubTopic.swift in Sources */ = {isa = PBXBuildFile; fileRef = 401C38E2244F63280041F7AA /* SubTopic.swift */; };
		401C38E5244F645E0041F7AA /* TopicDetail.swift in Sources */ = {isa = PBXBuildFile; fileRef = 401C38E4244F645E0041F7AA /* TopicDetail.swift */; };
		401C38E7244F65AD0041F7AA /* SubtopicsRow.swift in Sources */ = {isa = PBXBuildFile; fileRef = 401C38E6244F65AD0041F7AA /* SubtopicsRow.swift */; };
		401C38E9244F661A0041F7AA /* SubtopicDetail.swift in Sources */ = {isa = PBXBuildFile; fileRef = 401C38E8244F661A0041F7AA /* SubtopicDetail.swift */; };
		401C38EB244F683B0041F7AA /* Video.swift in Sources */ = {isa = PBXBuildFile; fileRef = 401C38EA244F683B0041F7AA /* Video.swift */; };
		401C38ED24501C1E0041F7AA /* VideoPlayerView.swift in Sources */ = {isa = PBXBuildFile; fileRef = 401C38EC24501C1E0041F7AA /* VideoPlayerView.swift */; };
		401C38F124501E320041F7AA /* VideoDetailView.swift in Sources */ = {isa = PBXBuildFile; fileRef = 401C38F024501E320041F7AA /* VideoDetailView.swift */; };
		401C38F4245024FA0041F7AA /* Utility.swift in Sources */ = {isa = PBXBuildFile; fileRef = 401C38F3245024FA0041F7AA /* Utility.swift */; };
		40AC6AF62454567E00EFF78F /* Array+SafeSubscript.swift in Sources */ = {isa = PBXBuildFile; fileRef = 40AC6AF02454567D00EFF78F /* Array+SafeSubscript.swift */; };
		40AC6AF72454567E00EFF78F /* String+Components.swift in Sources */ = {isa = PBXBuildFile; fileRef = 40AC6AF12454567D00EFF78F /* String+Components.swift */; };
		40AC6AF82454567E00EFF78F /* ExtractionSource.swift in Sources */ = {isa = PBXBuildFile; fileRef = 40AC6AF22454567D00EFF78F /* ExtractionSource.swift */; };
		40AC6AF92454567E00EFF78F /* VideoInfo.swift in Sources */ = {isa = PBXBuildFile; fileRef = 40AC6AF32454567E00EFF78F /* VideoInfo.swift */; };
		40AC6AFA2454567E00EFF78F /* YoutubeDirectLinkExtractor.swift in Sources */ = {isa = PBXBuildFile; fileRef = 40AC6AF42454567E00EFF78F /* YoutubeDirectLinkExtractor.swift */; };
		40AC6AFB2454567E00EFF78F /* Errors.swift in Sources */ = {isa = PBXBuildFile; fileRef = 40AC6AF52454567E00EFF78F /* Errors.swift */; };
		8107C7582456AFFD00812FEB /* PlayerTimeObserver.swift in Sources */ = {isa = PBXBuildFile; fileRef = 8107C7572456AFFD00812FEB /* PlayerTimeObserver.swift */; };
		8107C75A2456C88400812FEB /* AVPlayer+isPlaying.swift in Sources */ = {isa = PBXBuildFile; fileRef = 8107C7592456C88400812FEB /* AVPlayer+isPlaying.swift */; };
		816130D324602D8E0038426A /* viper_bind_atk_a_wall.mp4 in Resources */ = {isa = PBXBuildFile; fileRef = 816130C224602D8E0038426A /* viper_bind_atk_a_wall.mp4 */; };
		816130D424602D8E0038426A /* viper_bind_atk_b_spawn.mp4 in Resources */ = {isa = PBXBuildFile; fileRef = 816130C324602D8E0038426A /* viper_bind_atk_b_spawn.mp4 */; };
		816130D524602D8E0038426A /* viper_bind_atk_a_boxes.mp4 in Resources */ = {isa = PBXBuildFile; fileRef = 816130C424602D8E0038426A /* viper_bind_atk_a_boxes.mp4 */; };
		816130D624602D8E0038426A /* viper_bind_atk_a_heaven_2.mp4 in Resources */ = {isa = PBXBuildFile; fileRef = 816130C524602D8E0038426A /* viper_bind_atk_a_heaven_2.mp4 */; };
		816130D724602D8E0038426A /* viper_bind_atk_a_point_2.mp4 in Resources */ = {isa = PBXBuildFile; fileRef = 816130C624602D8E0038426A /* viper_bind_atk_a_point_2.mp4 */; };
		816130D824602D8E0038426A /* viper_bind_atk_a_point.mp4 in Resources */ = {isa = PBXBuildFile; fileRef = 816130C724602D8E0038426A /* viper_bind_atk_a_point.mp4 */; };
		816130D924602D8E0038426A /* viper_bind_atk_b_ult.mp4 in Resources */ = {isa = PBXBuildFile; fileRef = 816130C824602D8E0038426A /* viper_bind_atk_b_ult.mp4 */; };
		816130DA24602D8E0038426A /* viper_bind_atk_a_heaven_3.mp4 in Resources */ = {isa = PBXBuildFile; fileRef = 816130C924602D8E0038426A /* viper_bind_atk_a_heaven_3.mp4 */; };
		816130DB24602D8E0038426A /* viper_bind_atk_b_wall.mp4 in Resources */ = {isa = PBXBuildFile; fileRef = 816130CA24602D8E0038426A /* viper_bind_atk_b_wall.mp4 */; };
		816130DC24602D8E0038426A /* viper_bind_atk_a_bath_ult.mp4 in Resources */ = {isa = PBXBuildFile; fileRef = 816130CB24602D8E0038426A /* viper_bind_atk_a_bath_ult.mp4 */; };
		816130DD24602D8E0038426A /* viper_bind_atk_a_bath_ult_3.mp4 in Resources */ = {isa = PBXBuildFile; fileRef = 816130CC24602D8E0038426A /* viper_bind_atk_a_bath_ult_3.mp4 */; };
		816130DE24602D8E0038426A /* viper_bind_atk_a_bath_ult_4.mp4 in Resources */ = {isa = PBXBuildFile; fileRef = 816130CD24602D8E0038426A /* viper_bind_atk_a_bath_ult_4.mp4 */; };
		816130DF24602D8E0038426A /* viper_bind_atk_a_heaven.mp4 in Resources */ = {isa = PBXBuildFile; fileRef = 816130CE24602D8E0038426A /* viper_bind_atk_a_heaven.mp4 */; };
		816130E024602D8E0038426A /* viper_bind_atk_b_elbow.mp4 in Resources */ = {isa = PBXBuildFile; fileRef = 816130CF24602D8E0038426A /* viper_bind_atk_b_elbow.mp4 */; };
		816130E124602D8E0038426A /* viper_bind_atk_b_point.mp4 in Resources */ = {isa = PBXBuildFile; fileRef = 816130D024602D8E0038426A /* viper_bind_atk_b_point.mp4 */; };
		816130E224602D8E0038426A /* viper_bind_atk_a_execute.mp4 in Resources */ = {isa = PBXBuildFile; fileRef = 816130D124602D8E0038426A /* viper_bind_atk_a_execute.mp4 */; };
		816130E324602D8E0038426A /* viper_bind_atk_a_bath_ult_2.mp4 in Resources */ = {isa = PBXBuildFile; fileRef = 816130D224602D8E0038426A /* viper_bind_atk_a_bath_ult_2.mp4 */; };
		816130E524602FE40038426A /* NavigationConfigurator.swift in Sources */ = {isa = PBXBuildFile; fileRef = 816130E424602FE40038426A /* NavigationConfigurator.swift */; };
		816130E6246033AC0038426A /* viper_split_a_a_heaven.mp4 in Resources */ = {isa = PBXBuildFile; fileRef = 40AC6AC524518D2B00EFF78F /* viper_split_a_a_heaven.mp4 */; };
		816130E7246033AC0038426A /* viper_split_a_b_heaven_rafters.mp4 in Resources */ = {isa = PBXBuildFile; fileRef = 40AC6AC924518D2B00EFF78F /* viper_split_a_b_heaven_rafters.mp4 */; };
		816130E8246033AC0038426A /* viper_split_a_b_heaven.mp4 in Resources */ = {isa = PBXBuildFile; fileRef = 40AC6AC724518D2B00EFF78F /* viper_split_a_b_heaven.mp4 */; };
		816130E9246033AC0038426A /* viper_split_a_mid_wall.mp4 in Resources */ = {isa = PBXBuildFile; fileRef = 40AC6AC624518D2B00EFF78F /* viper_split_a_mid_wall.mp4 */; };
		816130EA246033AC0038426A /* viper_split_a_wall_smoke.mp4 in Resources */ = {isa = PBXBuildFile; fileRef = 40AC6AC824518D2B00EFF78F /* viper_split_a_wall_smoke.mp4 */; };
		816130EB246033AC0038426A /* viper_split_a_b_execute.mp4 in Resources */ = {isa = PBXBuildFile; fileRef = 40AC6AEC2451954500EFF78F /* viper_split_a_b_execute.mp4 */; };
		816130EC246033B30038426A /* viper_haven_a_a_back.mp4 in Resources */ = {isa = PBXBuildFile; fileRef = 40AC6ACF24518D3D00EFF78F /* viper_haven_a_a_back.mp4 */; };
		816130ED246033B30038426A /* viper_haven_a_a_execute.mp4 in Resources */ = {isa = PBXBuildFile; fileRef = 40AC6AD624518D3E00EFF78F /* viper_haven_a_a_execute.mp4 */; };
		816130EE246033B30038426A /* viper_haven_a_a_heaven.mp4 in Resources */ = {isa = PBXBuildFile; fileRef = 40AC6AD224518D3D00EFF78F /* viper_haven_a_a_heaven.mp4 */; };
		816130EF246033B30038426A /* viper_haven_a_a_long.mp4 in Resources */ = {isa = PBXBuildFile; fileRef = 40AC6AD124518D3D00EFF78F /* viper_haven_a_a_long.mp4 */; };
		816130F0246033B30038426A /* viper_haven_a_a_ult.mp4 in Resources */ = {isa = PBXBuildFile; fileRef = 40AC6AD424518D3E00EFF78F /* viper_haven_a_a_ult.mp4 */; };
		816130F1246033B30038426A /* viper_haven_a_a_wall_smoke.mp4 in Resources */ = {isa = PBXBuildFile; fileRef = 40AC6AD324518D3D00EFF78F /* viper_haven_a_a_wall_smoke.mp4 */; };
		816130F2246033B30038426A /* viper_haven_a_c_point_2.mp4 in Resources */ = {isa = PBXBuildFile; fileRef = 40AC6AD524518D3E00EFF78F /* viper_haven_a_c_point_2.mp4 */; };
		816130F3246033B30038426A /* viper_haven_a_c_point.mp4 in Resources */ = {isa = PBXBuildFile; fileRef = 40AC6AD024518D3D00EFF78F /* viper_haven_a_c_point.mp4 */; };
		816130F4246033B30038426A /* viper_haven_d_c_spawn.mp4 in Resources */ = {isa = PBXBuildFile; fileRef = 40AC6AD724518D3E00EFF78F /* viper_haven_d_c_spawn.mp4 */; };
		816130F5246033B80038426A /* sova_haven_a_a_back.mp4 in Resources */ = {isa = PBXBuildFile; fileRef = 40AC6AB0245181B000EFF78F /* sova_haven_a_a_back.mp4 */; };
		816130F6246033B80038426A /* sova_haven_a_a_long.mp4 in Resources */ = {isa = PBXBuildFile; fileRef = 40AC6AB4245181B000EFF78F /* sova_haven_a_a_long.mp4 */; };
		816130F7246033B80038426A /* sova_haven_a_a_roof.mp4 in Resources */ = {isa = PBXBuildFile; fileRef = 40AC6AB1245181B000EFF78F /* sova_haven_a_a_roof.mp4 */; };
		816130F8246033B80038426A /* sova_haven_a_c_plant.mp4 in Resources */ = {isa = PBXBuildFile; fileRef = 40AC6AB3245181B000EFF78F /* sova_haven_a_c_plant.mp4 */; };
		816130F9246033B80038426A /* sova_haven_a_d_a_plant.mp4 in Resources */ = {isa = PBXBuildFile; fileRef = 40AC6AB2245181B000EFF78F /* sova_haven_a_d_a_plant.mp4 */; };
		816130FA246033B80038426A /* sova_haven_a_d_b_plant.mp4 in Resources */ = {isa = PBXBuildFile; fileRef = 40AC6AAC245181B000EFF78F /* sova_haven_a_d_b_plant.mp4 */; };
		816130FB246033B80038426A /* sova_haven_a_garage.mp4 in Resources */ = {isa = PBXBuildFile; fileRef = 40AC6AAE245181B000EFF78F /* sova_haven_a_garage.mp4 */; };
		816130FC246033B80038426A /* sova_haven_a_outside.mp4 in Resources */ = {isa = PBXBuildFile; fileRef = 40AC6AB5245181B000EFF78F /* sova_haven_a_outside.mp4 */; };
		816130FD246033B80038426A /* sova_haven_d_a_spawn.mp4 in Resources */ = {isa = PBXBuildFile; fileRef = 40AC6AAD245181B000EFF78F /* sova_haven_d_a_spawn.mp4 */; };
		816130FE246033B80038426A /* sova_haven_d_c_plant.mp4 in Resources */ = {isa = PBXBuildFile; fileRef = 40AC6AAF245181B000EFF78F /* sova_haven_d_c_plant.mp4 */; };
		816130FF246033B80038426A /* sova_haven_d_garage_lobby.mp4 in Resources */ = {isa = PBXBuildFile; fileRef = 40AC6AB6245181B000EFF78F /* sova_haven_d_garage_lobby.mp4 */; };
		81613101246034280038426A /* AppData.swift in Sources */ = {isa = PBXBuildFile; fileRef = 81613100246034280038426A /* AppData.swift */; };
		81613103246036BC0038426A /* Color+hex.swift in Sources */ = {isa = PBXBuildFile; fileRef = 81613102246036BC0038426A /* Color+hex.swift */; };
		81613105246039440038426A /* UIColor+hex.swift in Sources */ = {isa = PBXBuildFile; fileRef = 81613104246039440038426A /* UIColor+hex.swift */; };
		816131092460547C0038426A /* valorant.ttf in Resources */ = {isa = PBXBuildFile; fileRef = 816131082460547C0038426A /* valorant.ttf */; };
/* End PBXBuildFile section */

/* Begin PBXFileReference section */
		401C38C0244F40F00041F7AA /* Popcorn.app */ = {isa = PBXFileReference; explicitFileType = wrapper.application; includeInIndex = 0; path = Popcorn.app; sourceTree = BUILT_PRODUCTS_DIR; };
		401C38C3244F40F00041F7AA /* AppDelegate.swift */ = {isa = PBXFileReference; lastKnownFileType = sourcecode.swift; path = AppDelegate.swift; sourceTree = "<group>"; };
		401C38C5244F40F00041F7AA /* SceneDelegate.swift */ = {isa = PBXFileReference; lastKnownFileType = sourcecode.swift; path = SceneDelegate.swift; sourceTree = "<group>"; };
		401C38C7244F40F00041F7AA /* ContentView.swift */ = {isa = PBXFileReference; lastKnownFileType = sourcecode.swift; path = ContentView.swift; sourceTree = "<group>"; };
		401C38C9244F40F40041F7AA /* Assets.xcassets */ = {isa = PBXFileReference; lastKnownFileType = folder.assetcatalog; path = Assets.xcassets; sourceTree = "<group>"; };
		401C38CC244F40F40041F7AA /* Preview Assets.xcassets */ = {isa = PBXFileReference; lastKnownFileType = folder.assetcatalog; path = "Preview Assets.xcassets"; sourceTree = "<group>"; };
		401C38CF244F40F40041F7AA /* Base */ = {isa = PBXFileReference; lastKnownFileType = file.storyboard; name = Base; path = Base.lproj/LaunchScreen.storyboard; sourceTree = "<group>"; };
		401C38D1244F40F40041F7AA /* Info.plist */ = {isa = PBXFileReference; lastKnownFileType = text.plist.xml; path = Info.plist; sourceTree = "<group>"; };
		401C38D7244F42610041F7AA /* TopicsRow.swift */ = {isa = PBXFileReference; lastKnownFileType = sourcecode.swift; path = TopicsRow.swift; sourceTree = "<group>"; };
		401C38DB244F48BA0041F7AA /* Topic.swift */ = {isa = PBXFileReference; lastKnownFileType = sourcecode.swift; path = Topic.swift; sourceTree = "<group>"; };
		401C38DD244F5F1F0041F7AA /* Data.swift */ = {isa = PBXFileReference; lastKnownFileType = sourcecode.swift; path = Data.swift; sourceTree = "<group>"; };
		401C38DF244F60640041F7AA /* data.json */ = {isa = PBXFileReference; fileEncoding = 4; lastKnownFileType = text.json; path = data.json; sourceTree = "<group>"; };
		401C38E2244F63280041F7AA /* SubTopic.swift */ = {isa = PBXFileReference; lastKnownFileType = sourcecode.swift; path = SubTopic.swift; sourceTree = "<group>"; };
		401C38E4244F645E0041F7AA /* TopicDetail.swift */ = {isa = PBXFileReference; lastKnownFileType = sourcecode.swift; path = TopicDetail.swift; sourceTree = "<group>"; };
		401C38E6244F65AD0041F7AA /* SubtopicsRow.swift */ = {isa = PBXFileReference; lastKnownFileType = sourcecode.swift; path = SubtopicsRow.swift; sourceTree = "<group>"; };
		401C38E8244F661A0041F7AA /* SubtopicDetail.swift */ = {isa = PBXFileReference; lastKnownFileType = sourcecode.swift; path = SubtopicDetail.swift; sourceTree = "<group>"; };
		401C38EA244F683B0041F7AA /* Video.swift */ = {isa = PBXFileReference; lastKnownFileType = sourcecode.swift; path = Video.swift; sourceTree = "<group>"; };
		401C38EC24501C1E0041F7AA /* VideoPlayerView.swift */ = {isa = PBXFileReference; lastKnownFileType = sourcecode.swift; path = VideoPlayerView.swift; sourceTree = "<group>"; };
		401C38F024501E320041F7AA /* VideoDetailView.swift */ = {isa = PBXFileReference; lastKnownFileType = sourcecode.swift; path = VideoDetailView.swift; sourceTree = "<group>"; };
		401C38F3245024FA0041F7AA /* Utility.swift */ = {isa = PBXFileReference; lastKnownFileType = sourcecode.swift; path = Utility.swift; sourceTree = "<group>"; };
		40AC6AAC245181B000EFF78F /* sova_haven_a_d_b_plant.mp4 */ = {isa = PBXFileReference; lastKnownFileType = file; path = sova_haven_a_d_b_plant.mp4; sourceTree = "<group>"; };
		40AC6AAD245181B000EFF78F /* sova_haven_d_a_spawn.mp4 */ = {isa = PBXFileReference; lastKnownFileType = file; path = sova_haven_d_a_spawn.mp4; sourceTree = "<group>"; };
		40AC6AAE245181B000EFF78F /* sova_haven_a_garage.mp4 */ = {isa = PBXFileReference; lastKnownFileType = file; path = sova_haven_a_garage.mp4; sourceTree = "<group>"; };
		40AC6AAF245181B000EFF78F /* sova_haven_d_c_plant.mp4 */ = {isa = PBXFileReference; lastKnownFileType = file; path = sova_haven_d_c_plant.mp4; sourceTree = "<group>"; };
		40AC6AB0245181B000EFF78F /* sova_haven_a_a_back.mp4 */ = {isa = PBXFileReference; lastKnownFileType = file; path = sova_haven_a_a_back.mp4; sourceTree = "<group>"; };
		40AC6AB1245181B000EFF78F /* sova_haven_a_a_roof.mp4 */ = {isa = PBXFileReference; lastKnownFileType = file; path = sova_haven_a_a_roof.mp4; sourceTree = "<group>"; };
		40AC6AB2245181B000EFF78F /* sova_haven_a_d_a_plant.mp4 */ = {isa = PBXFileReference; lastKnownFileType = file; path = sova_haven_a_d_a_plant.mp4; sourceTree = "<group>"; };
		40AC6AB3245181B000EFF78F /* sova_haven_a_c_plant.mp4 */ = {isa = PBXFileReference; lastKnownFileType = file; path = sova_haven_a_c_plant.mp4; sourceTree = "<group>"; };
		40AC6AB4245181B000EFF78F /* sova_haven_a_a_long.mp4 */ = {isa = PBXFileReference; lastKnownFileType = file; path = sova_haven_a_a_long.mp4; sourceTree = "<group>"; };
		40AC6AB5245181B000EFF78F /* sova_haven_a_outside.mp4 */ = {isa = PBXFileReference; lastKnownFileType = file; path = sova_haven_a_outside.mp4; sourceTree = "<group>"; };
		40AC6AB6245181B000EFF78F /* sova_haven_d_garage_lobby.mp4 */ = {isa = PBXFileReference; lastKnownFileType = file; path = sova_haven_d_garage_lobby.mp4; sourceTree = "<group>"; };
		40AC6AC524518D2B00EFF78F /* viper_split_a_a_heaven.mp4 */ = {isa = PBXFileReference; lastKnownFileType = file; path = viper_split_a_a_heaven.mp4; sourceTree = "<group>"; };
		40AC6AC624518D2B00EFF78F /* viper_split_a_mid_wall.mp4 */ = {isa = PBXFileReference; lastKnownFileType = file; path = viper_split_a_mid_wall.mp4; sourceTree = "<group>"; };
		40AC6AC724518D2B00EFF78F /* viper_split_a_b_heaven.mp4 */ = {isa = PBXFileReference; lastKnownFileType = file; path = viper_split_a_b_heaven.mp4; sourceTree = "<group>"; };
		40AC6AC824518D2B00EFF78F /* viper_split_a_wall_smoke.mp4 */ = {isa = PBXFileReference; lastKnownFileType = file; path = viper_split_a_wall_smoke.mp4; sourceTree = "<group>"; };
		40AC6AC924518D2B00EFF78F /* viper_split_a_b_heaven_rafters.mp4 */ = {isa = PBXFileReference; lastKnownFileType = file; path = viper_split_a_b_heaven_rafters.mp4; sourceTree = "<group>"; };
		40AC6ACF24518D3D00EFF78F /* viper_haven_a_a_back.mp4 */ = {isa = PBXFileReference; lastKnownFileType = file; path = viper_haven_a_a_back.mp4; sourceTree = "<group>"; };
		40AC6AD024518D3D00EFF78F /* viper_haven_a_c_point.mp4 */ = {isa = PBXFileReference; lastKnownFileType = file; path = viper_haven_a_c_point.mp4; sourceTree = "<group>"; };
		40AC6AD124518D3D00EFF78F /* viper_haven_a_a_long.mp4 */ = {isa = PBXFileReference; lastKnownFileType = file; path = viper_haven_a_a_long.mp4; sourceTree = "<group>"; };
		40AC6AD224518D3D00EFF78F /* viper_haven_a_a_heaven.mp4 */ = {isa = PBXFileReference; lastKnownFileType = file; path = viper_haven_a_a_heaven.mp4; sourceTree = "<group>"; };
		40AC6AD324518D3D00EFF78F /* viper_haven_a_a_wall_smoke.mp4 */ = {isa = PBXFileReference; lastKnownFileType = file; path = viper_haven_a_a_wall_smoke.mp4; sourceTree = "<group>"; };
		40AC6AD424518D3E00EFF78F /* viper_haven_a_a_ult.mp4 */ = {isa = PBXFileReference; lastKnownFileType = file; path = viper_haven_a_a_ult.mp4; sourceTree = "<group>"; };
		40AC6AD524518D3E00EFF78F /* viper_haven_a_c_point_2.mp4 */ = {isa = PBXFileReference; lastKnownFileType = file; path = viper_haven_a_c_point_2.mp4; sourceTree = "<group>"; };
		40AC6AD624518D3E00EFF78F /* viper_haven_a_a_execute.mp4 */ = {isa = PBXFileReference; lastKnownFileType = file; path = viper_haven_a_a_execute.mp4; sourceTree = "<group>"; };
		40AC6AD724518D3E00EFF78F /* viper_haven_d_c_spawn.mp4 */ = {isa = PBXFileReference; lastKnownFileType = file; path = viper_haven_d_c_spawn.mp4; sourceTree = "<group>"; };
		40AC6AEC2451954500EFF78F /* viper_split_a_b_execute.mp4 */ = {isa = PBXFileReference; lastKnownFileType = file; path = viper_split_a_b_execute.mp4; sourceTree = "<group>"; };
		40AC6AF02454567D00EFF78F /* Array+SafeSubscript.swift */ = {isa = PBXFileReference; fileEncoding = 4; lastKnownFileType = sourcecode.swift; path = "Array+SafeSubscript.swift"; sourceTree = "<group>"; };
		40AC6AF12454567D00EFF78F /* String+Components.swift */ = {isa = PBXFileReference; fileEncoding = 4; lastKnownFileType = sourcecode.swift; path = "String+Components.swift"; sourceTree = "<group>"; };
		40AC6AF22454567D00EFF78F /* ExtractionSource.swift */ = {isa = PBXFileReference; fileEncoding = 4; lastKnownFileType = sourcecode.swift; path = ExtractionSource.swift; sourceTree = "<group>"; };
		40AC6AF32454567E00EFF78F /* VideoInfo.swift */ = {isa = PBXFileReference; fileEncoding = 4; lastKnownFileType = sourcecode.swift; path = VideoInfo.swift; sourceTree = "<group>"; };
		40AC6AF42454567E00EFF78F /* YoutubeDirectLinkExtractor.swift */ = {isa = PBXFileReference; fileEncoding = 4; lastKnownFileType = sourcecode.swift; path = YoutubeDirectLinkExtractor.swift; sourceTree = "<group>"; };
		40AC6AF52454567E00EFF78F /* Errors.swift */ = {isa = PBXFileReference; fileEncoding = 4; lastKnownFileType = sourcecode.swift; path = Errors.swift; sourceTree = "<group>"; };
		8107C7572456AFFD00812FEB /* PlayerTimeObserver.swift */ = {isa = PBXFileReference; lastKnownFileType = sourcecode.swift; path = PlayerTimeObserver.swift; sourceTree = "<group>"; };
		8107C7592456C88400812FEB /* AVPlayer+isPlaying.swift */ = {isa = PBXFileReference; lastKnownFileType = sourcecode.swift; path = "AVPlayer+isPlaying.swift"; sourceTree = "<group>"; };
		816130C224602D8E0038426A /* viper_bind_atk_a_wall.mp4 */ = {isa = PBXFileReference; lastKnownFileType = file; path = viper_bind_atk_a_wall.mp4; sourceTree = "<group>"; };
		816130C324602D8E0038426A /* viper_bind_atk_b_spawn.mp4 */ = {isa = PBXFileReference; lastKnownFileType = file; path = viper_bind_atk_b_spawn.mp4; sourceTree = "<group>"; };
		816130C424602D8E0038426A /* viper_bind_atk_a_boxes.mp4 */ = {isa = PBXFileReference; lastKnownFileType = file; path = viper_bind_atk_a_boxes.mp4; sourceTree = "<group>"; };
		816130C524602D8E0038426A /* viper_bind_atk_a_heaven_2.mp4 */ = {isa = PBXFileReference; lastKnownFileType = file; path = viper_bind_atk_a_heaven_2.mp4; sourceTree = "<group>"; };
		816130C624602D8E0038426A /* viper_bind_atk_a_point_2.mp4 */ = {isa = PBXFileReference; lastKnownFileType = file; path = viper_bind_atk_a_point_2.mp4; sourceTree = "<group>"; };
		816130C724602D8E0038426A /* viper_bind_atk_a_point.mp4 */ = {isa = PBXFileReference; lastKnownFileType = file; path = viper_bind_atk_a_point.mp4; sourceTree = "<group>"; };
		816130C824602D8E0038426A /* viper_bind_atk_b_ult.mp4 */ = {isa = PBXFileReference; lastKnownFileType = file; path = viper_bind_atk_b_ult.mp4; sourceTree = "<group>"; };
		816130C924602D8E0038426A /* viper_bind_atk_a_heaven_3.mp4 */ = {isa = PBXFileReference; lastKnownFileType = file; path = viper_bind_atk_a_heaven_3.mp4; sourceTree = "<group>"; };
		816130CA24602D8E0038426A /* viper_bind_atk_b_wall.mp4 */ = {isa = PBXFileReference; lastKnownFileType = file; path = viper_bind_atk_b_wall.mp4; sourceTree = "<group>"; };
		816130CB24602D8E0038426A /* viper_bind_atk_a_bath_ult.mp4 */ = {isa = PBXFileReference; lastKnownFileType = file; path = viper_bind_atk_a_bath_ult.mp4; sourceTree = "<group>"; };
		816130CC24602D8E0038426A /* viper_bind_atk_a_bath_ult_3.mp4 */ = {isa = PBXFileReference; lastKnownFileType = file; path = viper_bind_atk_a_bath_ult_3.mp4; sourceTree = "<group>"; };
		816130CD24602D8E0038426A /* viper_bind_atk_a_bath_ult_4.mp4 */ = {isa = PBXFileReference; lastKnownFileType = file; path = viper_bind_atk_a_bath_ult_4.mp4; sourceTree = "<group>"; };
		816130CE24602D8E0038426A /* viper_bind_atk_a_heaven.mp4 */ = {isa = PBXFileReference; lastKnownFileType = file; path = viper_bind_atk_a_heaven.mp4; sourceTree = "<group>"; };
		816130CF24602D8E0038426A /* viper_bind_atk_b_elbow.mp4 */ = {isa = PBXFileReference; lastKnownFileType = file; path = viper_bind_atk_b_elbow.mp4; sourceTree = "<group>"; };
		816130D024602D8E0038426A /* viper_bind_atk_b_point.mp4 */ = {isa = PBXFileReference; lastKnownFileType = file; path = viper_bind_atk_b_point.mp4; sourceTree = "<group>"; };
		816130D124602D8E0038426A /* viper_bind_atk_a_execute.mp4 */ = {isa = PBXFileReference; lastKnownFileType = file; path = viper_bind_atk_a_execute.mp4; sourceTree = "<group>"; };
		816130D224602D8E0038426A /* viper_bind_atk_a_bath_ult_2.mp4 */ = {isa = PBXFileReference; lastKnownFileType = file; path = viper_bind_atk_a_bath_ult_2.mp4; sourceTree = "<group>"; };
		816130E424602FE40038426A /* NavigationConfigurator.swift */ = {isa = PBXFileReference; lastKnownFileType = sourcecode.swift; path = NavigationConfigurator.swift; sourceTree = "<group>"; };
		81613100246034280038426A /* AppData.swift */ = {isa = PBXFileReference; lastKnownFileType = sourcecode.swift; path = AppData.swift; sourceTree = "<group>"; };
		81613102246036BC0038426A /* Color+hex.swift */ = {isa = PBXFileReference; lastKnownFileType = sourcecode.swift; path = "Color+hex.swift"; sourceTree = "<group>"; };
		81613104246039440038426A /* UIColor+hex.swift */ = {isa = PBXFileReference; lastKnownFileType = sourcecode.swift; path = "UIColor+hex.swift"; sourceTree = "<group>"; };
		816131082460547C0038426A /* valorant.ttf */ = {isa = PBXFileReference; lastKnownFileType = file; path = valorant.ttf; sourceTree = "<group>"; };
/* End PBXFileReference section */

/* Begin PBXFrameworksBuildPhase section */
		401C38BD244F40F00041F7AA /* Frameworks */ = {
			isa = PBXFrameworksBuildPhase;
			buildActionMask = 2147483647;
			files = (
			);
			runOnlyForDeploymentPostprocessing = 0;
		};
/* End PBXFrameworksBuildPhase section */

/* Begin PBXGroup section */
		401C38B7244F40F00041F7AA = {
			isa = PBXGroup;
			children = (
				401C38C2244F40F00041F7AA /* Popcorn */,
				401C38C1244F40F00041F7AA /* Products */,
			);
			sourceTree = "<group>";
		};
		401C38C1244F40F00041F7AA /* Products */ = {
			isa = PBXGroup;
			children = (
				401C38C0244F40F00041F7AA /* Popcorn.app */,
			);
			name = Products;
			sourceTree = "<group>";
		};
		401C38C2244F40F00041F7AA /* Popcorn */ = {
			isa = PBXGroup;
			children = (
				40AC6AEE2454566B00EFF78F /* YoutubeLinkExtractor */,
				401C38F2245024E50041F7AA /* Utility */,
				401C38DA244F48AA0041F7AA /* Models */,
				401C38C3244F40F00041F7AA /* AppDelegate.swift */,
				401C38C5244F40F00041F7AA /* SceneDelegate.swift */,
				401C38C7244F40F00041F7AA /* ContentView.swift */,
				401C38E4244F645E0041F7AA /* TopicDetail.swift */,
				401C38F024501E320041F7AA /* VideoDetailView.swift */,
				401C38EC24501C1E0041F7AA /* VideoPlayerView.swift */,
				401C38E8244F661A0041F7AA /* SubtopicDetail.swift */,
				401C38D9244F42B00041F7AA /* ListElements */,
				401C38E1244F60670041F7AA /* Resources */,
				401C38C9244F40F40041F7AA /* Assets.xcassets */,
				401C38CE244F40F40041F7AA /* LaunchScreen.storyboard */,
				401C38D1244F40F40041F7AA /* Info.plist */,
				401C38CB244F40F40041F7AA /* Preview Content */,
			);
			path = Popcorn;
			sourceTree = "<group>";
		};
		401C38CB244F40F40041F7AA /* Preview Content */ = {
			isa = PBXGroup;
			children = (
				401C38CC244F40F40041F7AA /* Preview Assets.xcassets */,
			);
			path = "Preview Content";
			sourceTree = "<group>";
		};
		401C38D9244F42B00041F7AA /* ListElements */ = {
			isa = PBXGroup;
			children = (
				401C38D7244F42610041F7AA /* TopicsRow.swift */,
				401C38E6244F65AD0041F7AA /* SubtopicsRow.swift */,
			);
			path = ListElements;
			sourceTree = "<group>";
		};
		401C38DA244F48AA0041F7AA /* Models */ = {
			isa = PBXGroup;
			children = (
				401C38DB244F48BA0041F7AA /* Topic.swift */,
				81613100246034280038426A /* AppData.swift */,
				401C38E2244F63280041F7AA /* SubTopic.swift */,
				401C38DD244F5F1F0041F7AA /* Data.swift */,
				401C38EA244F683B0041F7AA /* Video.swift */,
			);
			path = Models;
			sourceTree = "<group>";
		};
		401C38E1244F60670041F7AA /* Resources */ = {
			isa = PBXGroup;
			children = (
				816131082460547C0038426A /* valorant.ttf */,
				40AC6AA724517ED400EFF78F /* Videos */,
				401C38DF244F60640041F7AA /* data.json */,
			);
			path = Resources;
			sourceTree = "<group>";
		};
		401C38F2245024E50041F7AA /* Utility */ = {
			isa = PBXGroup;
			children = (
				401C38F3245024FA0041F7AA /* Utility.swift */,
				8107C7572456AFFD00812FEB /* PlayerTimeObserver.swift */,
				8107C7592456C88400812FEB /* AVPlayer+isPlaying.swift */,
				816130E424602FE40038426A /* NavigationConfigurator.swift */,
				81613102246036BC0038426A /* Color+hex.swift */,
				81613104246039440038426A /* UIColor+hex.swift */,
			);
			path = Utility;
			sourceTree = "<group>";
		};
		40AC6AA724517ED400EFF78F /* Videos */ = {
			isa = PBXGroup;
			children = (
				40AC6AB724518CC900EFF78F /* Viper */,
				40AC6AA824517ED900EFF78F /* Sova */,
			);
			path = Videos;
			sourceTree = "<group>";
		};
		40AC6AA824517ED900EFF78F /* Sova */ = {
			isa = PBXGroup;
			children = (
				40AC6AA924517EDF00EFF78F /* Haven */,
			);
			path = Sova;
			sourceTree = "<group>";
		};
		40AC6AA924517EDF00EFF78F /* Haven */ = {
			isa = PBXGroup;
			children = (
				40AC6AB0245181B000EFF78F /* sova_haven_a_a_back.mp4 */,
				40AC6AB4245181B000EFF78F /* sova_haven_a_a_long.mp4 */,
				40AC6AB1245181B000EFF78F /* sova_haven_a_a_roof.mp4 */,
				40AC6AB3245181B000EFF78F /* sova_haven_a_c_plant.mp4 */,
				40AC6AB2245181B000EFF78F /* sova_haven_a_d_a_plant.mp4 */,
				40AC6AAC245181B000EFF78F /* sova_haven_a_d_b_plant.mp4 */,
				40AC6AAE245181B000EFF78F /* sova_haven_a_garage.mp4 */,
				40AC6AB5245181B000EFF78F /* sova_haven_a_outside.mp4 */,
				40AC6AAD245181B000EFF78F /* sova_haven_d_a_spawn.mp4 */,
				40AC6AAF245181B000EFF78F /* sova_haven_d_c_plant.mp4 */,
				40AC6AB6245181B000EFF78F /* sova_haven_d_garage_lobby.mp4 */,
			);
			path = Haven;
			sourceTree = "<group>";
		};
		40AC6AB724518CC900EFF78F /* Viper */ = {
			isa = PBXGroup;
			children = (
				40AC6ABA24518D0900EFF78F /* Bind */,
				40AC6AB924518D0300EFF78F /* Split */,
				40AC6AB824518CCD00EFF78F /* Haven */,
			);
			path = Viper;
			sourceTree = "<group>";
		};
		40AC6AB824518CCD00EFF78F /* Haven */ = {
			isa = PBXGroup;
			children = (
				40AC6ACF24518D3D00EFF78F /* viper_haven_a_a_back.mp4 */,
				40AC6AD624518D3E00EFF78F /* viper_haven_a_a_execute.mp4 */,
				40AC6AD224518D3D00EFF78F /* viper_haven_a_a_heaven.mp4 */,
				40AC6AD124518D3D00EFF78F /* viper_haven_a_a_long.mp4 */,
				40AC6AD424518D3E00EFF78F /* viper_haven_a_a_ult.mp4 */,
				40AC6AD324518D3D00EFF78F /* viper_haven_a_a_wall_smoke.mp4 */,
				40AC6AD524518D3E00EFF78F /* viper_haven_a_c_point_2.mp4 */,
				40AC6AD024518D3D00EFF78F /* viper_haven_a_c_point.mp4 */,
				40AC6AD724518D3E00EFF78F /* viper_haven_d_c_spawn.mp4 */,
			);
			path = Haven;
			sourceTree = "<group>";
		};
		40AC6AB924518D0300EFF78F /* Split */ = {
			isa = PBXGroup;
			children = (
				40AC6AC524518D2B00EFF78F /* viper_split_a_a_heaven.mp4 */,
				40AC6AC924518D2B00EFF78F /* viper_split_a_b_heaven_rafters.mp4 */,
				40AC6AC724518D2B00EFF78F /* viper_split_a_b_heaven.mp4 */,
				40AC6AC624518D2B00EFF78F /* viper_split_a_mid_wall.mp4 */,
				40AC6AC824518D2B00EFF78F /* viper_split_a_wall_smoke.mp4 */,
				40AC6AEC2451954500EFF78F /* viper_split_a_b_execute.mp4 */,
			);
			path = Split;
			sourceTree = "<group>";
		};
		40AC6ABA24518D0900EFF78F /* Bind */ = {
			isa = PBXGroup;
			children = (
				816130D224602D8E0038426A /* viper_bind_atk_a_bath_ult_2.mp4 */,
				816130CC24602D8E0038426A /* viper_bind_atk_a_bath_ult_3.mp4 */,
				816130CD24602D8E0038426A /* viper_bind_atk_a_bath_ult_4.mp4 */,
				816130CB24602D8E0038426A /* viper_bind_atk_a_bath_ult.mp4 */,
				816130C424602D8E0038426A /* viper_bind_atk_a_boxes.mp4 */,
				816130D124602D8E0038426A /* viper_bind_atk_a_execute.mp4 */,
				816130C524602D8E0038426A /* viper_bind_atk_a_heaven_2.mp4 */,
				816130C924602D8E0038426A /* viper_bind_atk_a_heaven_3.mp4 */,
				816130CE24602D8E0038426A /* viper_bind_atk_a_heaven.mp4 */,
				816130C624602D8E0038426A /* viper_bind_atk_a_point_2.mp4 */,
				816130C724602D8E0038426A /* viper_bind_atk_a_point.mp4 */,
				816130C224602D8E0038426A /* viper_bind_atk_a_wall.mp4 */,
				816130CF24602D8E0038426A /* viper_bind_atk_b_elbow.mp4 */,
				816130D024602D8E0038426A /* viper_bind_atk_b_point.mp4 */,
				816130C324602D8E0038426A /* viper_bind_atk_b_spawn.mp4 */,
				816130C824602D8E0038426A /* viper_bind_atk_b_ult.mp4 */,
				816130CA24602D8E0038426A /* viper_bind_atk_b_wall.mp4 */,
			);
			path = Bind;
			sourceTree = "<group>";
		};
		40AC6AEE2454566B00EFF78F /* YoutubeLinkExtractor */ = {
			isa = PBXGroup;
			children = (
				40AC6AF52454567E00EFF78F /* Errors.swift */,
				40AC6AEF2454567D00EFF78F /* Extensions */,
				40AC6AF22454567D00EFF78F /* ExtractionSource.swift */,
				40AC6AF32454567E00EFF78F /* VideoInfo.swift */,
				40AC6AF42454567E00EFF78F /* YoutubeDirectLinkExtractor.swift */,
			);
			path = YoutubeLinkExtractor;
			sourceTree = "<group>";
		};
		40AC6AEF2454567D00EFF78F /* Extensions */ = {
			isa = PBXGroup;
			children = (
				40AC6AF02454567D00EFF78F /* Array+SafeSubscript.swift */,
				40AC6AF12454567D00EFF78F /* String+Components.swift */,
			);
			path = Extensions;
			sourceTree = "<group>";
		};
/* End PBXGroup section */

/* Begin PBXNativeTarget section */
		401C38BF244F40F00041F7AA /* Popcorn */ = {
			isa = PBXNativeTarget;
			buildConfigurationList = 401C38D4244F40F40041F7AA /* Build configuration list for PBXNativeTarget "Popcorn" */;
			buildPhases = (
				401C38BC244F40F00041F7AA /* Sources */,
				401C38BD244F40F00041F7AA /* Frameworks */,
				401C38BE244F40F00041F7AA /* Resources */,
			);
			buildRules = (
			);
			dependencies = (
			);
			name = Popcorn;
			productName = Popcorn;
			productReference = 401C38C0244F40F00041F7AA /* Popcorn.app */;
			productType = "com.apple.product-type.application";
		};
/* End PBXNativeTarget section */

/* Begin PBXProject section */
		401C38B8244F40F00041F7AA /* Project object */ = {
			isa = PBXProject;
			attributes = {
				LastSwiftUpdateCheck = 1140;
				LastUpgradeCheck = 1140;
				ORGANIZATIONNAME = mqtthings;
				TargetAttributes = {
					401C38BF244F40F00041F7AA = {
						CreatedOnToolsVersion = 11.4.1;
					};
				};
			};
			buildConfigurationList = 401C38BB244F40F00041F7AA /* Build configuration list for PBXProject "Popcorn" */;
			compatibilityVersion = "Xcode 9.3";
			developmentRegion = en;
			hasScannedForEncodings = 0;
			knownRegions = (
				en,
				Base,
			);
			mainGroup = 401C38B7244F40F00041F7AA;
			productRefGroup = 401C38C1244F40F00041F7AA /* Products */;
			projectDirPath = "";
			projectRoot = "";
			targets = (
				401C38BF244F40F00041F7AA /* Popcorn */,
			);
		};
/* End PBXProject section */

/* Begin PBXResourcesBuildPhase section */
		401C38BE244F40F00041F7AA /* Resources */ = {
			isa = PBXResourcesBuildPhase;
			buildActionMask = 2147483647;
			files = (
				816130F5246033B80038426A /* sova_haven_a_a_back.mp4 in Resources */,
				816130F6246033B80038426A /* sova_haven_a_a_long.mp4 in Resources */,
				816130F7246033B80038426A /* sova_haven_a_a_roof.mp4 in Resources */,
				816130F8246033B80038426A /* sova_haven_a_c_plant.mp4 in Resources */,
				816130F9246033B80038426A /* sova_haven_a_d_a_plant.mp4 in Resources */,
				816130FA246033B80038426A /* sova_haven_a_d_b_plant.mp4 in Resources */,
				816130FB246033B80038426A /* sova_haven_a_garage.mp4 in Resources */,
				816130FC246033B80038426A /* sova_haven_a_outside.mp4 in Resources */,
				816130FD246033B80038426A /* sova_haven_d_a_spawn.mp4 in Resources */,
				816130FE246033B80038426A /* sova_haven_d_c_plant.mp4 in Resources */,
				816130FF246033B80038426A /* sova_haven_d_garage_lobby.mp4 in Resources */,
				816130EC246033B30038426A /* viper_haven_a_a_back.mp4 in Resources */,
				816130ED246033B30038426A /* viper_haven_a_a_execute.mp4 in Resources */,
				816130EE246033B30038426A /* viper_haven_a_a_heaven.mp4 in Resources */,
				816130EF246033B30038426A /* viper_haven_a_a_long.mp4 in Resources */,
				816131092460547C0038426A /* valorant.ttf in Resources */,
				816130F0246033B30038426A /* viper_haven_a_a_ult.mp4 in Resources */,
				816130F1246033B30038426A /* viper_haven_a_a_wall_smoke.mp4 in Resources */,
				816130F2246033B30038426A /* viper_haven_a_c_point_2.mp4 in Resources */,
				816130F3246033B30038426A /* viper_haven_a_c_point.mp4 in Resources */,
				816130F4246033B30038426A /* viper_haven_d_c_spawn.mp4 in Resources */,
				816130E6246033AC0038426A /* viper_split_a_a_heaven.mp4 in Resources */,
				816130E7246033AC0038426A /* viper_split_a_b_heaven_rafters.mp4 in Resources */,
				816130E8246033AC0038426A /* viper_split_a_b_heaven.mp4 in Resources */,
				816130E9246033AC0038426A /* viper_split_a_mid_wall.mp4 in Resources */,
				816130EA246033AC0038426A /* viper_split_a_wall_smoke.mp4 in Resources */,
				816130EB246033AC0038426A /* viper_split_a_b_execute.mp4 in Resources */,
				816130D524602D8E0038426A /* viper_bind_atk_a_boxes.mp4 in Resources */,
				816130E024602D8E0038426A /* viper_bind_atk_b_elbow.mp4 in Resources */,
				816130E124602D8E0038426A /* viper_bind_atk_b_point.mp4 in Resources */,
				816130DD24602D8E0038426A /* viper_bind_atk_a_bath_ult_3.mp4 in Resources */,
				816130E324602D8E0038426A /* viper_bind_atk_a_bath_ult_2.mp4 in Resources */,
				816130DA24602D8E0038426A /* viper_bind_atk_a_heaven_3.mp4 in Resources */,
				401C38D0244F40F40041F7AA /* LaunchScreen.storyboard in Resources */,
				816130DE24602D8E0038426A /* viper_bind_atk_a_bath_ult_4.mp4 in Resources */,
				816130D924602D8E0038426A /* viper_bind_atk_b_ult.mp4 in Resources */,
				816130D424602D8E0038426A /* viper_bind_atk_b_spawn.mp4 in Resources */,
				816130D724602D8E0038426A /* viper_bind_atk_a_point_2.mp4 in Resources */,
				401C38CD244F40F40041F7AA /* Preview Assets.xcassets in Resources */,
				816130DC24602D8E0038426A /* viper_bind_atk_a_bath_ult.mp4 in Resources */,
				816130D624602D8E0038426A /* viper_bind_atk_a_heaven_2.mp4 in Resources */,
				816130D324602D8E0038426A /* viper_bind_atk_a_wall.mp4 in Resources */,
				816130DB24602D8E0038426A /* viper_bind_atk_b_wall.mp4 in Resources */,
				816130D824602D8E0038426A /* viper_bind_atk_a_point.mp4 in Resources */,
				401C38CA244F40F40041F7AA /* Assets.xcassets in Resources */,
				816130DF24602D8E0038426A /* viper_bind_atk_a_heaven.mp4 in Resources */,
				816130E224602D8E0038426A /* viper_bind_atk_a_execute.mp4 in Resources */,
				401C38E0244F60640041F7AA /* data.json in Resources */,
			);
			runOnlyForDeploymentPostprocessing = 0;
		};
/* End PBXResourcesBuildPhase section */

/* Begin PBXSourcesBuildPhase section */
		401C38BC244F40F00041F7AA /* Sources */ = {
			isa = PBXSourcesBuildPhase;
			buildActionMask = 2147483647;
			files = (
				40AC6AF62454567E00EFF78F /* Array+SafeSubscript.swift in Sources */,
				401C38F4245024FA0041F7AA /* Utility.swift in Sources */,
				401C38D8244F42610041F7AA /* TopicsRow.swift in Sources */,
				40AC6AF92454567E00EFF78F /* VideoInfo.swift in Sources */,
				401C38DE244F5F1F0041F7AA /* Data.swift in Sources */,
				401C38DC244F48BA0041F7AA /* Topic.swift in Sources */,
				40AC6AFA2454567E00EFF78F /* YoutubeDirectLinkExtractor.swift in Sources */,
				401C38C4244F40F00041F7AA /* AppDelegate.swift in Sources */,
				401C38C6244F40F00041F7AA /* SceneDelegate.swift in Sources */,
				401C38E9244F661A0041F7AA /* SubtopicDetail.swift in Sources */,
				401C38F124501E320041F7AA /* VideoDetailView.swift in Sources */,
				81613101246034280038426A /* AppData.swift in Sources */,
				401C38E7244F65AD0041F7AA /* SubtopicsRow.swift in Sources */,
				816130E524602FE40038426A /* NavigationConfigurator.swift in Sources */,
				40AC6AF72454567E00EFF78F /* String+Components.swift in Sources */,
				401C38EB244F683B0041F7AA /* Video.swift in Sources */,
				401C38C8244F40F00041F7AA /* ContentView.swift in Sources */,
				401C38E5244F645E0041F7AA /* TopicDetail.swift in Sources */,
				8107C75A2456C88400812FEB /* AVPlayer+isPlaying.swift in Sources */,
				40AC6AFB2454567E00EFF78F /* Errors.swift in Sources */,
				401C38E3244F63280041F7AA /* SubTopic.swift in Sources */,
				81613103246036BC0038426A /* Color+hex.swift in Sources */,
				8107C7582456AFFD00812FEB /* PlayerTimeObserver.swift in Sources */,
				401C38ED24501C1E0041F7AA /* VideoPlayerView.swift in Sources */,
				40AC6AF82454567E00EFF78F /* ExtractionSource.swift in Sources */,
				81613105246039440038426A /* UIColor+hex.swift in Sources */,
			);
			runOnlyForDeploymentPostprocessing = 0;
		};
/* End PBXSourcesBuildPhase section */

/* Begin PBXVariantGroup section */
		401C38CE244F40F40041F7AA /* LaunchScreen.storyboard */ = {
			isa = PBXVariantGroup;
			children = (
				401C38CF244F40F40041F7AA /* Base */,
			);
			name = LaunchScreen.storyboard;
			sourceTree = "<group>";
		};
/* End PBXVariantGroup section */

/* Begin XCBuildConfiguration section */
		401C38D2244F40F40041F7AA /* Debug */ = {
			isa = XCBuildConfiguration;
			buildSettings = {
				ALWAYS_SEARCH_USER_PATHS = NO;
				CLANG_ANALYZER_NONNULL = YES;
				CLANG_ANALYZER_NUMBER_OBJECT_CONVERSION = YES_AGGRESSIVE;
				CLANG_CXX_LANGUAGE_STANDARD = "gnu++14";
				CLANG_CXX_LIBRARY = "libc++";
				CLANG_ENABLE_MODULES = YES;
				CLANG_ENABLE_OBJC_ARC = YES;
				CLANG_ENABLE_OBJC_WEAK = YES;
				CLANG_WARN_BLOCK_CAPTURE_AUTORELEASING = YES;
				CLANG_WARN_BOOL_CONVERSION = YES;
				CLANG_WARN_COMMA = YES;
				CLANG_WARN_CONSTANT_CONVERSION = YES;
				CLANG_WARN_DEPRECATED_OBJC_IMPLEMENTATIONS = YES;
				CLANG_WARN_DIRECT_OBJC_ISA_USAGE = YES_ERROR;
				CLANG_WARN_DOCUMENTATION_COMMENTS = YES;
				CLANG_WARN_EMPTY_BODY = YES;
				CLANG_WARN_ENUM_CONVERSION = YES;
				CLANG_WARN_INFINITE_RECURSION = YES;
				CLANG_WARN_INT_CONVERSION = YES;
				CLANG_WARN_NON_LITERAL_NULL_CONVERSION = YES;
				CLANG_WARN_OBJC_IMPLICIT_RETAIN_SELF = YES;
				CLANG_WARN_OBJC_LITERAL_CONVERSION = YES;
				CLANG_WARN_OBJC_ROOT_CLASS = YES_ERROR;
				CLANG_WARN_RANGE_LOOP_ANALYSIS = YES;
				CLANG_WARN_STRICT_PROTOTYPES = YES;
				CLANG_WARN_SUSPICIOUS_MOVE = YES;
				CLANG_WARN_UNGUARDED_AVAILABILITY = YES_AGGRESSIVE;
				CLANG_WARN_UNREACHABLE_CODE = YES;
				CLANG_WARN__DUPLICATE_METHOD_MATCH = YES;
				COPY_PHASE_STRIP = NO;
				DEBUG_INFORMATION_FORMAT = dwarf;
				ENABLE_STRICT_OBJC_MSGSEND = YES;
				ENABLE_TESTABILITY = YES;
				GCC_C_LANGUAGE_STANDARD = gnu11;
				GCC_DYNAMIC_NO_PIC = NO;
				GCC_NO_COMMON_BLOCKS = YES;
				GCC_OPTIMIZATION_LEVEL = 0;
				GCC_PREPROCESSOR_DEFINITIONS = (
					"DEBUG=1",
					"$(inherited)",
				);
				GCC_WARN_64_TO_32_BIT_CONVERSION = YES;
				GCC_WARN_ABOUT_RETURN_TYPE = YES_ERROR;
				GCC_WARN_UNDECLARED_SELECTOR = YES;
				GCC_WARN_UNINITIALIZED_AUTOS = YES_AGGRESSIVE;
				GCC_WARN_UNUSED_FUNCTION = YES;
				GCC_WARN_UNUSED_VARIABLE = YES;
				IPHONEOS_DEPLOYMENT_TARGET = 13.4;
				MTL_ENABLE_DEBUG_INFO = INCLUDE_SOURCE;
				MTL_FAST_MATH = YES;
				ONLY_ACTIVE_ARCH = YES;
				SDKROOT = iphoneos;
				SWIFT_ACTIVE_COMPILATION_CONDITIONS = DEBUG;
				SWIFT_OPTIMIZATION_LEVEL = "-Onone";
			};
			name = Debug;
		};
		401C38D3244F40F40041F7AA /* Release */ = {
			isa = XCBuildConfiguration;
			buildSettings = {
				ALWAYS_SEARCH_USER_PATHS = NO;
				CLANG_ANALYZER_NONNULL = YES;
				CLANG_ANALYZER_NUMBER_OBJECT_CONVERSION = YES_AGGRESSIVE;
				CLANG_CXX_LANGUAGE_STANDARD = "gnu++14";
				CLANG_CXX_LIBRARY = "libc++";
				CLANG_ENABLE_MODULES = YES;
				CLANG_ENABLE_OBJC_ARC = YES;
				CLANG_ENABLE_OBJC_WEAK = YES;
				CLANG_WARN_BLOCK_CAPTURE_AUTORELEASING = YES;
				CLANG_WARN_BOOL_CONVERSION = YES;
				CLANG_WARN_COMMA = YES;
				CLANG_WARN_CONSTANT_CONVERSION = YES;
				CLANG_WARN_DEPRECATED_OBJC_IMPLEMENTATIONS = YES;
				CLANG_WARN_DIRECT_OBJC_ISA_USAGE = YES_ERROR;
				CLANG_WARN_DOCUMENTATION_COMMENTS = YES;
				CLANG_WARN_EMPTY_BODY = YES;
				CLANG_WARN_ENUM_CONVERSION = YES;
				CLANG_WARN_INFINITE_RECURSION = YES;
				CLANG_WARN_INT_CONVERSION = YES;
				CLANG_WARN_NON_LITERAL_NULL_CONVERSION = YES;
				CLANG_WARN_OBJC_IMPLICIT_RETAIN_SELF = YES;
				CLANG_WARN_OBJC_LITERAL_CONVERSION = YES;
				CLANG_WARN_OBJC_ROOT_CLASS = YES_ERROR;
				CLANG_WARN_RANGE_LOOP_ANALYSIS = YES;
				CLANG_WARN_STRICT_PROTOTYPES = YES;
				CLANG_WARN_SUSPICIOUS_MOVE = YES;
				CLANG_WARN_UNGUARDED_AVAILABILITY = YES_AGGRESSIVE;
				CLANG_WARN_UNREACHABLE_CODE = YES;
				CLANG_WARN__DUPLICATE_METHOD_MATCH = YES;
				COPY_PHASE_STRIP = NO;
				DEBUG_INFORMATION_FORMAT = "dwarf-with-dsym";
				ENABLE_NS_ASSERTIONS = NO;
				ENABLE_STRICT_OBJC_MSGSEND = YES;
				GCC_C_LANGUAGE_STANDARD = gnu11;
				GCC_NO_COMMON_BLOCKS = YES;
				GCC_WARN_64_TO_32_BIT_CONVERSION = YES;
				GCC_WARN_ABOUT_RETURN_TYPE = YES_ERROR;
				GCC_WARN_UNDECLARED_SELECTOR = YES;
				GCC_WARN_UNINITIALIZED_AUTOS = YES_AGGRESSIVE;
				GCC_WARN_UNUSED_FUNCTION = YES;
				GCC_WARN_UNUSED_VARIABLE = YES;
				IPHONEOS_DEPLOYMENT_TARGET = 13.4;
				MTL_ENABLE_DEBUG_INFO = NO;
				MTL_FAST_MATH = YES;
				SDKROOT = iphoneos;
				SWIFT_COMPILATION_MODE = wholemodule;
				SWIFT_OPTIMIZATION_LEVEL = "-O";
				VALIDATE_PRODUCT = YES;
			};
			name = Release;
		};
		401C38D5244F40F40041F7AA /* Debug */ = {
			isa = XCBuildConfiguration;
			buildSettings = {
				ASSETCATALOG_COMPILER_APPICON_NAME = AppIcon;
				CODE_SIGN_STYLE = Automatic;
				DEVELOPMENT_ASSET_PATHS = "\"Popcorn/Preview Content\"";
				DEVELOPMENT_TEAM = 6Y9C574C9M;
				ENABLE_PREVIEWS = YES;
				INFOPLIST_FILE = Popcorn/Info.plist;
				IPHONEOS_DEPLOYMENT_TARGET = 13.0;
				LD_RUNPATH_SEARCH_PATHS = (
					"$(inherited)",
					"@executable_path/Frameworks",
				);
				PRODUCT_BUNDLE_IDENTIFIER = com.mqtthings.Popcorn;
				PRODUCT_NAME = "$(TARGET_NAME)";
				SWIFT_VERSION = 5.0;
				TARGETED_DEVICE_FAMILY = "1,2";
			};
			name = Debug;
		};
		401C38D6244F40F40041F7AA /* Release */ = {
			isa = XCBuildConfiguration;
			buildSettings = {
				ASSETCATALOG_COMPILER_APPICON_NAME = AppIcon;
				CODE_SIGN_STYLE = Automatic;
				DEVELOPMENT_ASSET_PATHS = "\"Popcorn/Preview Content\"";
				DEVELOPMENT_TEAM = 6Y9C574C9M;
				ENABLE_PREVIEWS = YES;
				INFOPLIST_FILE = Popcorn/Info.plist;
				IPHONEOS_DEPLOYMENT_TARGET = 13.0;
				LD_RUNPATH_SEARCH_PATHS = (
					"$(inherited)",
					"@executable_path/Frameworks",
				);
				PRODUCT_BUNDLE_IDENTIFIER = com.mqtthings.Popcorn;
				PRODUCT_NAME = "$(TARGET_NAME)";
				SWIFT_VERSION = 5.0;
				TARGETED_DEVICE_FAMILY = "1,2";
			};
			name = Release;
		};
/* End XCBuildConfiguration section */

/* Begin XCConfigurationList section */
		401C38BB244F40F00041F7AA /* Build configuration list for PBXProject "Popcorn" */ = {
			isa = XCConfigurationList;
			buildConfigurations = (
				401C38D2244F40F40041F7AA /* Debug */,
				401C38D3244F40F40041F7AA /* Release */,
			);
			defaultConfigurationIsVisible = 0;
			defaultConfigurationName = Release;
		};
		401C38D4244F40F40041F7AA /* Build configuration list for PBXNativeTarget "Popcorn" */ = {
			isa = XCConfigurationList;
			buildConfigurations = (
				401C38D5244F40F40041F7AA /* Debug */,
				401C38D6244F40F40041F7AA /* Release */,
			);
			defaultConfigurationIsVisible = 0;
			defaultConfigurationName = Release;
		};
/* End XCConfigurationList section */
	};
	rootObject = 401C38B8244F40F00041F7AA /* Project object */;
}
